
Microsoft Visual Studio Solution File, Format Version 12.00
# Visual Studio 15
Project("{FAE04EC0-301F-11D3-BF4B-00C04F79EFBC}") = "Assembly-CSharp", "Assembly-CSharp.csproj", "{D41022C9-8E1A-4725-5D3D-81EA41BD12D4}"
EndProject
Project("{FAE04EC0-301F-11D3-BF4B-00C04F79EFBC}") = "Assembly-CSharp-firstpass", "Assembly-CSharp-firstpass.csproj", "{0FFA0640-8E88-E532-1862-CDE37E78D020}"
EndProject
Project("{FAE04EC0-301F-11D3-BF4B-00C04F79EFBC}") = "Assembly-CSharp-Editor-firstpass", "Assembly-CSharp-Editor-firstpass.csproj", "{0171A115-4FE0-7135-6638-F61E5F8860BC}"
EndProject
Global
	GlobalSection(SolutionConfigurationPlatforms) = preSolution
		Debug|Any CPU = Debug|Any CPU
		Release|Any CPU = Release|Any CPU
	EndGlobalSection
	GlobalSection(ProjectConfigurationPlatforms) = postSolution
		{D41022C9-8E1A-4725-5D3D-81EA41BD12D4}.Debug|Any CPU.ActiveCfg = Debug|Any CPU
		{D41022C9-8E1A-4725-5D3D-81EA41BD12D4}.Debug|Any CPU.Build.0 = Debug|Any CPU
		{D41022C9-8E1A-4725-5D3D-81EA41BD12D4}.Release|Any CPU.ActiveCfg = Release|Any CPU
		{D41022C9-8E1A-4725-5D3D-81EA41BD12D4}.Release|Any CPU.Build.0 = Release|Any CPU
		{0FFA0640-8E88-E532-1862-CDE37E78D020}.Debug|Any CPU.ActiveCfg = Debug|Any CPU
		{0FFA0640-8E88-E532-1862-CDE37E78D020}.Debug|Any CPU.Build.0 = Debug|Any CPU
		{0FFA0640-8E88-E532-1862-CDE37E78D020}.Release|Any CPU.ActiveCfg = Release|Any CPU
		{0FFA0640-8E88-E532-1862-CDE37E78D020}.Release|Any CPU.Build.0 = Release|Any CPU
		{0171A115-4FE0-7135-6638-F61E5F8860BC}.Debug|Any CPU.ActiveCfg = Debug|Any CPU
		{0171A115-4FE0-7135-6638-F61E5F8860BC}.Debug|Any CPU.Build.0 = Debug|Any CPU
		{0171A115-4FE0-7135-6638-F61E5F8860BC}.Release|Any CPU.ActiveCfg = Release|Any CPU
		{0171A115-4FE0-7135-6638-F61E5F8860BC}.Release|Any CPU.Build.0 = Release|Any CPU
	EndGlobalSection
	GlobalSection(SolutionProperties) = preSolution
		HideSolutionNode = FALSE
	EndGlobalSection
EndGlobal
